// !$*UTF8*$!
{
	archiveVersion = 1;
	classes = {
	};
	objectVersion = 48;
	objects = {

/* Begin PBXBuildFile section */
		31DE780E202CA49C00FB500E /* AppDelegate.swift in Sources */ = {isa = PBXBuildFile; fileRef = 31DE780D202CA49C00FB500E /* AppDelegate.swift */; };
		31DE7810202CA49C00FB500E /* ViewController.swift in Sources */ = {isa = PBXBuildFile; fileRef = 31DE780F202CA49C00FB500E /* ViewController.swift */; };
		31DE7813202CA49C00FB500E /* Main.storyboard in Resources */ = {isa = PBXBuildFile; fileRef = 31DE7811202CA49C00FB500E /* Main.storyboard */; };
		31DE7815202CA49C00FB500E /* Assets.xcassets in Resources */ = {isa = PBXBuildFile; fileRef = 31DE7814202CA49C00FB500E /* Assets.xcassets */; };
		31DE7818202CA49C00FB500E /* LaunchScreen.storyboard in Resources */ = {isa = PBXBuildFile; fileRef = 31DE7816202CA49C00FB500E /* LaunchScreen.storyboard */; };
		31DE7823202CA49C00FB500E /* TestGitTests.swift in Sources */ = {isa = PBXBuildFile; fileRef = 31DE7822202CA49C00FB500E /* TestGitTests.swift */; };
		31DE782E202CA49C00FB500E /* TestGitUITests.swift in Sources */ = {isa = PBXBuildFile; fileRef = 31DE782D202CA49C00FB500E /* TestGitUITests.swift */; };
/* End PBXBuildFile section */

/* Begin PBXContainerItemProxy section */
		31DE781F202CA49C00FB500E /* PBXContainerItemProxy */ = {
			isa = PBXContainerItemProxy;
			containerPortal = 31DE7802202CA49C00FB500E /* Project object */;
			proxyType = 1;
			remoteGlobalIDString = 31DE7809202CA49C00FB500E;
			remoteInfo = TestGit;
		};
		31DE782A202CA49C00FB500E /* PBXContainerItemProxy */ = {
			isa = PBXContainerItemProxy;
			containerPortal = 31DE7802202CA49C00FB500E /* Project object */;
			proxyType = 1;
			remoteGlobalIDString = 31DE7809202CA49C00FB500E;
			remoteInfo = TestGit;
		};
/* End PBXContainerItemProxy section */

/* Begin PBXFileReference section */
		31DE780A202CA49C00FB500E /* TestGit.app */ = {isa = PBXFileReference; explicitFileType = wrapper.application; includeInIndex = 0; path = TestGit.app; sourceTree = BUILT_PRODUCTS_DIR; };
		31DE780D202CA49C00FB500E /* AppDelegate.swift */ = {isa = PBXFileReference; lastKnownFileType = sourcecode.swift; path = AppDelegate.swift; sourceTree = "<group>"; };
		31DE780F202CA49C00FB500E /* ViewController.swift */ = {isa = PBXFileReference; lastKnownFileType = sourcecode.swift; path = ViewController.swift; sourceTree = "<group>"; };
		31DE7812202CA49C00FB500E /* Base */ = {isa = PBXFileReference; lastKnownFileType = file.storyboard; name = Base; path = Base.lproj/Main.storyboard; sourceTree = "<group>"; };
		31DE7814202CA49C00FB500E /* Assets.xcassets */ = {isa = PBXFileReference; lastKnownFileType = folder.assetcatalog; path = Assets.xcassets; sourceTree = "<group>"; };
		31DE7817202CA49C00FB500E /* Base */ = {isa = PBXFileReference; lastKnownFileType = file.storyboard; name = Base; path = Base.lproj/LaunchScreen.storyboard; sourceTree = "<group>"; };
		31DE7819202CA49C00FB500E /* Info.plist */ = {isa = PBXFileReference; lastKnownFileType = text.plist.xml; path = Info.plist; sourceTree = "<group>"; };
		31DE781E202CA49C00FB500E /* TestGitTests.xctest */ = {isa = PBXFileReference; explicitFileType = wrapper.cfbundle; includeInIndex = 0; path = TestGitTests.xctest; sourceTree = BUILT_PRODUCTS_DIR; };
		31DE7822202CA49C00FB500E /* TestGitTests.swift */ = {isa = PBXFileReference; lastKnownFileType = sourcecode.swift; path = TestGitTests.swift; sourceTree = "<group>"; };
		31DE7824202CA49C00FB500E /* Info.plist */ = {isa = PBXFileReference; lastKnownFileType = text.plist.xml; path = Info.plist; sourceTree = "<group>"; };
		31DE7829202CA49C00FB500E /* TestGitUITests.xctest */ = {isa = PBXFileReference; explicitFileType = wrapper.cfbundle; includeInIndex = 0; path = TestGitUITests.xctest; sourceTree = BUILT_PRODUCTS_DIR; };
		31DE782D202CA49C00FB500E /* TestGitUITests.swift */ = {isa = PBXFileReference; lastKnownFileType = sourcecode.swift; path = TestGitUITests.swift; sourceTree = "<group>"; };
		31DE782F202CA49C00FB500E /* Info.plist */ = {isa = PBXFileReference; lastKnownFileType = text.plist.xml; path = Info.plist; sourceTree = "<group>"; };
/* End PBXFileReference section */

/* Begin PBXFrameworksBuildPhase section */
		31DE7807202CA49C00FB500E /* Frameworks */ = {
			isa = PBXFrameworksBuildPhase;
			buildActionMask = 2147483647;
			files = (
			);
			runOnlyForDeploymentPostprocessing = 0;
		};
		31DE781B202CA49C00FB500E /* Frameworks */ = {
			isa = PBXFrameworksBuildPhase;
			buildActionMask = 2147483647;
			files = (
			);
			runOnlyForDeploymentPostprocessing = 0;
		};
		31DE7826202CA49C00FB500E /* Frameworks */ = {
			isa = PBXFrameworksBuildPhase;
			buildActionMask = 2147483647;
			files = (
			);
			runOnlyForDeploymentPostprocessing = 0;
		};
/* End PBXFrameworksBuildPhase section */

/* Begin PBXGroup section */
		31DE7801202CA49C00FB500E = {
			isa = PBXGroup;
			children = (
				31DE780C202CA49C00FB500E /* TestGit */,
				31DE7821202CA49C00FB500E /* TestGitTests */,
				31DE782C202CA49C00FB500E /* TestGitUITests */,
				31DE780B202CA49C00FB500E /* Products */,
			);
			sourceTree = "<group>";
		};
		31DE780B202CA49C00FB500E /* Products */ = {
			isa = PBXGroup;
			children = (
				31DE780A202CA49C00FB500E /* TestGit.app */,
				31DE781E202CA49C00FB500E /* TestGitTests.xctest */,
				31DE7829202CA49C00FB500E /* TestGitUITests.xctest */,
			);
			name = Products;
			sourceTree = "<group>";
		};
		31DE780C202CA49C00FB500E /* TestGit */ = {
			isa = PBXGroup;
			children = (
				31DE780D202CA49C00FB500E /* AppDelegate.swift */,
				31DE780F202CA49C00FB500E /* ViewController.swift */,
				31DE7811202CA49C00FB500E /* Main.storyboard */,
				31DE7814202CA49C00FB500E /* Assets.xcassets */,
				31DE7816202CA49C00FB500E /* LaunchScreen.storyboard */,
				31DE7819202CA49C00FB500E /* Info.plist */,
			);
			path = TestGit;
			sourceTree = "<group>";
		};
		31DE7821202CA49C00FB500E /* TestGitTests */ = {
			isa = PBXGroup;
			children = (
				31DE7822202CA49C00FB500E /* TestGitTests.swift */,
				31DE7824202CA49C00FB500E /* Info.plist */,
			);
			path = TestGitTests;
			sourceTree = "<group>";
		};
		31DE782C202CA49C00FB500E /* TestGitUITests */ = {
			isa = PBXGroup;
			children = (
				31DE782D202CA49C00FB500E /* TestGitUITests.swift */,
				31DE782F202CA49C00FB500E /* Info.plist */,
			);
			path = TestGitUITests;
			sourceTree = "<group>";
		};
/* End PBXGroup section */

/* Begin PBXNativeTarget section */
		31DE7809202CA49C00FB500E /* TestGit */ = {
			isa = PBXNativeTarget;
			buildConfigurationList = 31DE7832202CA49C00FB500E /* Build configuration list for PBXNativeTarget "TestGit" */;
			buildPhases = (
				31DE7806202CA49C00FB500E /* Sources */,
				31DE7807202CA49C00FB500E /* Frameworks */,
				31DE7808202CA49C00FB500E /* Resources */,
			);
			buildRules = (
			);
			dependencies = (
			);
			name = TestGit;
			productName = TestGit;
			productReference = 31DE780A202CA49C00FB500E /* TestGit.app */;
			productType = "com.apple.product-type.application";
		};
		31DE781D202CA49C00FB500E /* TestGitTests */ = {
			isa = PBXNativeTarget;
			buildConfigurationList = 31DE7835202CA49C00FB500E /* Build configuration list for PBXNativeTarget "TestGitTests" */;
			buildPhases = (
				31DE781A202CA49C00FB500E /* Sources */,
				31DE781B202CA49C00FB500E /* Frameworks */,
				31DE781C202CA49C00FB500E /* Resources */,
			);
			buildRules = (
			);
			dependencies = (
				31DE7820202CA49C00FB500E /* PBXTargetDependency */,
			);
			name = TestGitTests;
			productName = TestGitTests;
			productReference = 31DE781E202CA49C00FB500E /* TestGitTests.xctest */;
			productType = "com.apple.product-type.bundle.unit-test";
		};
		31DE7828202CA49C00FB500E /* TestGitUITests */ = {
			isa = PBXNativeTarget;
			buildConfigurationList = 31DE7838202CA49C00FB500E /* Build configuration list for PBXNativeTarget "TestGitUITests" */;
			buildPhases = (
				31DE7825202CA49C00FB500E /* Sources */,
				31DE7826202CA49C00FB500E /* Frameworks */,
				31DE7827202CA49C00FB500E /* Resources */,
			);
			buildRules = (
			);
			dependencies = (
				31DE782B202CA49C00FB500E /* PBXTargetDependency */,
			);
			name = TestGitUITests;
			productName = TestGitUITests;
			productReference = 31DE7829202CA49C00FB500E /* TestGitUITests.xctest */;
			productType = "com.apple.product-type.bundle.ui-testing";
		};
/* End PBXNativeTarget section */

/* Begin PBXProject section */
		31DE7802202CA49C00FB500E /* Project object */ = {
			isa = PBXProject;
			attributes = {
				LastSwiftUpdateCheck = 0910;
				LastUpgradeCheck = 0910;
				ORGANIZATIONNAME = TestGIt;
				TargetAttributes = {
					31DE7809202CA49C00FB500E = {
						CreatedOnToolsVersion = 9.1;
						ProvisioningStyle = Automatic;
					};
					31DE781D202CA49C00FB500E = {
						CreatedOnToolsVersion = 9.1;
						ProvisioningStyle = Automatic;
						TestTargetID = 31DE7809202CA49C00FB500E;
					};
					31DE7828202CA49C00FB500E = {
						CreatedOnToolsVersion = 9.1;
						ProvisioningStyle = Automatic;
						TestTargetID = 31DE7809202CA49C00FB500E;
					};
				};
			};
			buildConfigurationList = 31DE7805202CA49C00FB500E /* Build configuration list for PBXProject "TestGit" */;
			compatibilityVersion = "Xcode 8.0";
			developmentRegion = en;
			hasScannedForEncodings = 0;
			knownRegions = (
				en,
				Base,
			);
			mainGroup = 31DE7801202CA49C00FB500E;
			productRefGroup = 31DE780B202CA49C00FB500E /* Products */;
			projectDirPath = "";
			projectRoot = "";
			targets = (
				31DE7809202CA49C00FB500E /* TestGit */,
				31DE781D202CA49C00FB500E /* TestGitTests */,
				31DE7828202CA49C00FB500E /* TestGitUITests */,
			);
		};
/* End PBXProject section */

/* Begin PBXResourcesBuildPhase section */
		31DE7808202CA49C00FB500E /* Resources */ = {
			isa = PBXResourcesBuildPhase;
			buildActionMask = 2147483647;
			files = (
				31DE7818202CA49C00FB500E /* LaunchScreen.storyboard in Resources */,
				31DE7815202CA49C00FB500E /* Assets.xcassets in Resources */,
				31DE7813202CA49C00FB500E /* Main.storyboard in Resources */,
			);
			runOnlyForDeploymentPostprocessing = 0;
		};
		31DE781C202CA49C00FB500E /* Resources */ = {
			isa = PBXResourcesBuildPhase;
			buildActionMask = 2147483647;
			files = (
			);
			runOnlyForDeploymentPostprocessing = 0;
		};
		31DE7827202CA49C00FB500E /* Resources */ = {
			isa = PBXResourcesBuildPhase;
			buildActionMask = 2147483647;
			files = (
			);
			runOnlyForDeploymentPostprocessing = 0;
		};
/* End PBXResourcesBuildPhase section */

/* Begin PBXSourcesBuildPhase section */
		31DE7806202CA49C00FB500E /* Sources */ = {
			isa = PBXSourcesBuildPhase;
			buildActionMask = 2147483647;
			files = (
				31DE7810202CA49C00FB500E /* ViewController.swift in Sources */,
				31DE780E202CA49C00FB500E /* AppDelegate.swift in Sources */,
			);
			runOnlyForDeploymentPostprocessing = 0;
		};
		31DE781A202CA49C00FB500E /* Sources */ = {
			isa = PBXSourcesBuildPhase;
			buildActionMask = 2147483647;
			files = (
				31DE7823202CA49C00FB500E /* TestGitTests.swift in Sources */,
			);
			runOnlyForDeploymentPostprocessing = 0;
		};
		31DE7825202CA49C00FB500E /* Sources */ = {
			isa = PBXSourcesBuildPhase;
			buildActionMask = 2147483647;
			files = (
				31DE782E202CA49C00FB500E /* TestGitUITests.swift in Sources */,
			);
			runOnlyForDeploymentPostprocessing = 0;
		};
/* End PBXSourcesBuildPhase section */

/* Begin PBXTargetDependency section */
		31DE7820202CA49C00FB500E /* PBXTargetDependency */ = {
			isa = PBXTargetDependency;
			target = 31DE7809202CA49C00FB500E /* TestGit */;
			targetProxy = 31DE781F202CA49C00FB500E /* PBXContainerItemProxy */;
		};
		31DE782B202CA49C00FB500E /* PBXTargetDependency */ = {
			isa = PBXTargetDependency;
			target = 31DE7809202CA49C00FB500E /* TestGit */;
			targetProxy = 31DE782A202CA49C00FB500E /* PBXContainerItemProxy */;
		};
/* End PBXTargetDependency section */

/* Begin PBXVariantGroup section */
		31DE7811202CA49C00FB500E /* Main.storyboard */ = {
			isa = PBXVariantGroup;
			children = (
				31DE7812202CA49C00FB500E /* Base */,
			);
			name = Main.storyboard;
			sourceTree = "<group>";
		};
		31DE7816202CA49C00FB500E /* LaunchScreen.storyboard */ = {
			isa = PBXVariantGroup;
			children = (
				31DE7817202CA49C00FB500E /* Base */,
			);
			name = LaunchScreen.storyboard;
			sourceTree = "<group>";
		};
/* End PBXVariantGroup section */

/* Begin XCBuildConfiguration section */
		31DE7830202CA49C00FB500E /* Debug */ = {
			isa = XCBuildConfiguration;
			buildSettings = {
				ALWAYS_SEARCH_USER_PATHS = NO;
				CLANG_ANALYZER_NONNULL = YES;
				CLANG_ANALYZER_NUMBER_OBJECT_CONVERSION = YES_AGGRESSIVE;
				CLANG_CXX_LANGUAGE_STANDARD = "gnu++14";
				CLANG_CXX_LIBRARY = "libc++";
				CLANG_ENABLE_MODULES = YES;
				CLANG_ENABLE_OBJC_ARC = YES;
				CLANG_WARN_BLOCK_CAPTURE_AUTORELEASING = YES;
				CLANG_WARN_BOOL_CONVERSION = YES;
				CLANG_WARN_COMMA = YES;
				CLANG_WARN_CONSTANT_CONVERSION = YES;
				CLANG_WARN_DIRECT_OBJC_ISA_USAGE = YES_ERROR;
				CLANG_WARN_DOCUMENTATION_COMMENTS = YES;
				CLANG_WARN_EMPTY_BODY = YES;
				CLANG_WARN_ENUM_CONVERSION = YES;
				CLANG_WARN_INFINITE_RECURSION = YES;
				CLANG_WARN_INT_CONVERSION = YES;
				CLANG_WARN_NON_LITERAL_NULL_CONVERSION = YES;
				CLANG_WARN_OBJC_LITERAL_CONVERSION = YES;
				CLANG_WARN_OBJC_ROOT_CLASS = YES_ERROR;
				CLANG_WARN_RANGE_LOOP_ANALYSIS = YES;
				CLANG_WARN_STRICT_PROTOTYPES = YES;
				CLANG_WARN_SUSPICIOUS_MOVE = YES;
				CLANG_WARN_UNGUARDED_AVAILABILITY = YES_AGGRESSIVE;
				CLANG_WARN_UNREACHABLE_CODE = YES;
				CLANG_WARN__DUPLICATE_METHOD_MATCH = YES;
				CODE_SIGN_IDENTITY = "iPhone Developer";
				COPY_PHASE_STRIP = NO;
				DEBUG_INFORMATION_FORMAT = dwarf;
				ENABLE_STRICT_OBJC_MSGSEND = YES;
				ENABLE_TESTABILITY = YES;
				GCC_C_LANGUAGE_STANDARD = gnu11;
				GCC_DYNAMIC_NO_PIC = NO;
				GCC_NO_COMMON_BLOCKS = YES;
				GCC_OPTIMIZATION_LEVEL = 0;
				GCC_PREPROCESSOR_DEFINITIONS = (
					"DEBUG=1",
					"$(inherited)",
				);
				GCC_WARN_64_TO_32_BIT_CONVERSION = YES;
				GCC_WARN_ABOUT_RETURN_TYPE = YES_ERROR;
				GCC_WARN_UNDECLARED_SELECTOR = YES;
				GCC_WARN_UNINITIALIZED_AUTOS = YES_AGGRESSIVE;
				GCC_WARN_UNUSED_FUNCTION = YES;
				GCC_WARN_UNUSED_VARIABLE = YES;
				IPHONEOS_DEPLOYMENT_TARGET = 11.1;
				MTL_ENABLE_DEBUG_INFO = YES;
				ONLY_ACTIVE_ARCH = YES;
				SDKROOT = iphoneos;
				SWIFT_ACTIVE_COMPILATION_CONDITIONS = DEBUG;
				SWIFT_OPTIMIZATION_LEVEL = "-Onone";
			};
			name = Debug;
		};
		31DE7831202CA49C00FB500E /* Release */ = {
			isa = XCBuildConfiguration;
			buildSettings = {
				ALWAYS_SEARCH_USER_PATHS = NO;
				CLANG_ANALYZER_NONNULL = YES;
				CLANG_ANALYZER_NUMBER_OBJECT_CONVERSION = YES_AGGRESSIVE;
				CLANG_CXX_LANGUAGE_STANDARD = "gnu++14";
				CLANG_CXX_LIBRARY = "libc++";
				CLANG_ENABLE_MODULES = YES;
				CLANG_ENABLE_OBJC_ARC = YES;
				CLANG_WARN_BLOCK_CAPTURE_AUTORELEASING = YES;
				CLANG_WARN_BOOL_CONVERSION = YES;
				CLANG_WARN_COMMA = YES;
				CLANG_WARN_CONSTANT_CONVERSION = YES;
				CLANG_WARN_DIRECT_OBJC_ISA_USAGE = YES_ERROR;
				CLANG_WARN_DOCUMENTATION_COMMENTS = YES;
				CLANG_WARN_EMPTY_BODY = YES;
				CLANG_WARN_ENUM_CONVERSION = YES;
				CLANG_WARN_INFINITE_RECURSION = YES;
				CLANG_WARN_INT_CONVERSION = YES;
				CLANG_WARN_NON_LITERAL_NULL_CONVERSION = YES;
				CLANG_WARN_OBJC_LITERAL_CONVERSION = YES;
				CLANG_WARN_OBJC_ROOT_CLASS = YES_ERROR;
				CLANG_WARN_RANGE_LOOP_ANALYSIS = YES;
				CLANG_WARN_STRICT_PROTOTYPES = YES;
				CLANG_WARN_SUSPICIOUS_MOVE = YES;
				CLANG_WARN_UNGUARDED_AVAILABILITY = YES_AGGRESSIVE;
				CLANG_WARN_UNREACHABLE_CODE = YES;
				CLANG_WARN__DUPLICATE_METHOD_MATCH = YES;
				CODE_SIGN_IDENTITY = "iPhone Developer";
				COPY_PHASE_STRIP = NO;
				DEBUG_INFORMATION_FORMAT = "dwarf-with-dsym";
				ENABLE_NS_ASSERTIONS = NO;
				ENABLE_STRICT_OBJC_MSGSEND = YES;
				GCC_C_LANGUAGE_STANDARD = gnu11;
				GCC_NO_COMMON_BLOCKS = YES;
				GCC_WARN_64_TO_32_BIT_CONVERSION = YES;
				GCC_WARN_ABOUT_RETURN_TYPE = YES_ERROR;
				GCC_WARN_UNDECLARED_SELECTOR = YES;
				GCC_WARN_UNINITIALIZED_AUTOS = YES_AGGRESSIVE;
				GCC_WARN_UNUSED_FUNCTION = YES;
				GCC_WARN_UNUSED_VARIABLE = YES;
				IPHONEOS_DEPLOYMENT_TARGET = 11.1;
				MTL_ENABLE_DEBUG_INFO = NO;
				SDKROOT = iphoneos;
				SWIFT_OPTIMIZATION_LEVEL = "-Owholemodule";
				VALIDATE_PRODUCT = YES;
			};
			name = Release;
		};
		31DE7833202CA49C00FB500E /* Debug */ = {
			isa = XCBuildConfiguration;
			buildSettings = {
				ASSETCATALOG_COMPILER_APPICON_NAME = AppIcon;
				CODE_SIGN_STYLE = Automatic;
				INFOPLIST_FILE = TestGit/Info.plist;
				LD_RUNPATH_SEARCH_PATHS = "$(inherited) @executable_path/Frameworks";
				PRODUCT_BUNDLE_IDENTIFIER = TestGit.TestGit;
				PRODUCT_NAME = "$(TARGET_NAME)";
				SWIFT_VERSION = 4.0;
				TARGETED_DEVICE_FAMILY = "1,2";
			};
			name = Debug;
		};
		31DE7834202CA49C00FB500E /* Release */ = {
			isa = XCBuildConfiguration;
			buildSettings = {
				ASSETCATALOG_COMPILER_APPICON_NAME = AppIcon;
				CODE_SIGN_STYLE = Automatic;
				INFOPLIST_FILE = TestGit/Info.plist;
				LD_RUNPATH_SEARCH_PATHS = "$(inherited) @executable_path/Frameworks";
				PRODUCT_BUNDLE_IDENTIFIER = TestGit.TestGit;
				PRODUCT_NAME = "$(TARGET_NAME)";
				SWIFT_VERSION = 4.0;
				TARGETED_DEVICE_FAMILY = "1,2";
			};
			name = Release;
		};
		31DE7836202CA49C00FB500E /* Debug */ = {
			isa = XCBuildConfiguration;
			buildSettings = {
				ALWAYS_EMBED_SWIFT_STANDARD_LIBRARIES = YES;
				BUNDLE_LOADER = "$(TEST_HOST)";
				CODE_SIGN_STYLE = Automatic;
				INFOPLIST_FILE = TestGitTests/Info.plist;
				LD_RUNPATH_SEARCH_PATHS = "$(inherited) @executable_path/Frameworks @loader_path/Frameworks";
				PRODUCT_BUNDLE_IDENTIFIER = TestGit.TestGitTests;
				PRODUCT_NAME = "$(TARGET_NAME)";
				SWIFT_VERSION = 4.0;
				TARGETED_DEVICE_FAMILY = "1,2";
				TEST_HOST = "$(BUILT_PRODUCTS_DIR)/TestGit.app/TestGit";
			};
			name = Debug;
		};
		31DE7837202CA49C00FB500E /* Release */ = {
			isa = XCBuildConfiguration;
			buildSettings = {
				ALWAYS_EMBED_SWIFT_STANDARD_LIBRARIES = YES;
				BUNDLE_LOADER = "$(TEST_HOST)";
				CODE_SIGN_STYLE = Automatic;
				INFOPLIST_FILE = TestGitTests/Info.plist;
				LD_RUNPATH_SEARCH_PATHS = "$(inherited) @executable_path/Frameworks @loader_path/Frameworks";
				PRODUCT_BUNDLE_IDENTIFIER = TestGit.TestGitTests;
				PRODUCT_NAME = "$(TARGET_NAME)";
				SWIFT_VERSION = 4.0;
				TARGETED_DEVICE_FAMILY = "1,2";
				TEST_HOST = "$(BUILT_PRODUCTS_DIR)/TestGit.app/TestGit";
			};
			name = Release;
		};
		31DE7839202CA49C00FB500E /* Debug */ = {
			isa = XCBuildConfiguration;
			buildSettings = {
				ALWAYS_EMBED_SWIFT_STANDARD_LIBRARIES = YES;
				CODE_SIGN_STYLE = Automatic;
				INFOPLIST_FILE = TestGitUITests/Info.plist;
				LD_RUNPATH_SEARCH_PATHS = "$(inherited) @executable_path/Frameworks @loader_path/Frameworks";
				PRODUCT_BUNDLE_IDENTIFIER = TestGit.TestGitUITests;
				PRODUCT_NAME = "$(TARGET_NAME)";
				SWIFT_VERSION = 4.0;
				TARGETED_DEVICE_FAMILY = "1,2";
				TEST_TARGET_NAME = TestGit;
			};
			name = Debug;
		};
		31DE783A202CA49C00FB500E /* Release */ = {
			isa = XCBuildConfiguration;
			buildSettings = {
				ALWAYS_EMBED_SWIFT_STANDARD_LIBRARIES = YES;
				CODE_SIGN_STYLE = Automatic;
				INFOPLIST_FILE = TestGitUITests/Info.plist;
				LD_RUNPATH_SEARCH_PATHS = "$(inherited) @executable_path/Frameworks @loader_path/Frameworks";
				PRODUCT_BUNDLE_IDENTIFIER = TestGit.TestGitUITests;
				PRODUCT_NAME = "$(TARGET_NAME)";
				SWIFT_VERSION = 4.0;
				TARGETED_DEVICE_FAMILY = "1,2";
				TEST_TARGET_NAME = TestGit;
			};
			name = Release;
		};
/* End XCBuildConfiguration section */

/* Begin XCConfigurationList section */
		31DE7805202CA49C00FB500E /* Build configuration list for PBXProject "TestGit" */ = {
			isa = XCConfigurationList;
			buildConfigurations = (
				31DE7830202CA49C00FB500E /* Debug */,
				31DE7831202CA49C00FB500E /* Release */,
			);
			defaultConfigurationIsVisible = 0;
			defaultConfigurationName = Release;
		};
		31DE7832202CA49C00FB500E /* Build configuration list for PBXNativeTarget "TestGit" */ = {
			isa = XCConfigurationList;
			buildConfigurations = (
				31DE7833202CA49C00FB500E /* Debug */,
				31DE7834202CA49C00FB500E /* Release */,
			);
			defaultConfigurationIsVisible = 0;
			defaultConfigurationName = Release;
		};
		31DE7835202CA49C00FB500E /* Build configuration list for PBXNativeTarget "TestGitTests" */ = {
			isa = XCConfigurationList;
			buildConfigurations = (
				31DE7836202CA49C00FB500E /* Debug */,
				31DE7837202CA49C00FB500E /* Release */,
			);
			defaultConfigurationIsVisible = 0;
			defaultConfigurationName = Release;
		};
		31DE7838202CA49C00FB500E /* Build configuration list for PBXNativeTarget "TestGitUITests" */ = {
			isa = XCConfigurationList;
			buildConfigurations = (
				31DE7839202CA49C00FB500E /* Debug */,
				31DE783A202CA49C00FB500E /* Release */,
			);
			defaultConfigurationIsVisible = 0;
			defaultConfigurationName = Release;
		};
/* End XCConfigurationList section */
	};
	rootObject = 31DE7802202CA49C00FB500E /* Project object */;
}
